
Microsoft Visual Studio Solution File, Format Version 12.00
# Visual Studio Version 16
VisualStudioVersion = 16.0.29025.244
MinimumVisualStudioVersion = 10.0.40219.1
Project("{FAE04EC0-301F-11D3-BF4B-00C04F79EFBC}") = "WebService1", "WebService1.csproj", "{72DF3250-845A-4FD4-9C18-151C756031AA}"
EndProject
Global
	GlobalSection(SolutionConfigurationPlatforms) = preSolution
		Debug|Any CPU = Debug|Any CPU
		Release|Any CPU = Release|Any CPU
	EndGlobalSection
	GlobalSection(ProjectConfigurationPlatforms) = postSolution
		{72DF3250-845A-4FD4-9C18-151C756031AA}.Debug|Any CPU.ActiveCfg = Debug|Any CPU
		{72DF3250-845A-4FD4-9C18-151C756031AA}.Debug|Any CPU.Build.0 = Debug|Any CPU
		{72DF3250-845A-4FD4-9C18-151C756031AA}.Release|Any CPU.ActiveCfg = Release|Any CPU
		{72DF3250-845A-4FD4-9C18-151C756031AA}.Release|Any CPU.Build.0 = Release|Any CPU
	EndGlobalSection
	GlobalSection(SolutionProperties) = preSolution
		HideSolutionNode = FALSE
	EndGlobalSection
	GlobalSection(ExtensibilityGlobals) = postSolution
		SolutionGuid = {1E66EF70-BABD-492D-B9A7-4FEF506E9EB1}
	EndGlobalSection
EndGlobal
